// !$*UTF8*$!
{
	archiveVersion = 1;
	classes = {
	};
	objectVersion = 50;
	objects = {

/* Begin PBXBuildFile section */
		EE5D27BF25D7027F008746A3 /* AppDelegate.swift in Sources */ = {isa = PBXBuildFile; fileRef = EE5D27BE25D7027F008746A3 /* AppDelegate.swift */; };
		EE5D27C125D7027F008746A3 /* SceneDelegate.swift in Sources */ = {isa = PBXBuildFile; fileRef = EE5D27C025D7027F008746A3 /* SceneDelegate.swift */; };
		EE5D27C325D7027F008746A3 /* ViewController.swift in Sources */ = {isa = PBXBuildFile; fileRef = EE5D27C225D7027F008746A3 /* ViewController.swift */; };
		EE5D27C625D7027F008746A3 /* Main.storyboard in Resources */ = {isa = PBXBuildFile; fileRef = EE5D27C425D7027F008746A3 /* Main.storyboard */; };
		EE5D27C825D70282008746A3 /* Assets.xcassets in Resources */ = {isa = PBXBuildFile; fileRef = EE5D27C725D70282008746A3 /* Assets.xcassets */; };
		EE5D27CB25D70282008746A3 /* LaunchScreen.storyboard in Resources */ = {isa = PBXBuildFile; fileRef = EE5D27C925D70282008746A3 /* LaunchScreen.storyboard */; };
		EE5D27D625D70282008746A3 /* LightTests.swift in Sources */ = {isa = PBXBuildFile; fileRef = EE5D27D525D70282008746A3 /* LightTests.swift */; };
		EE5D27E125D70282008746A3 /* LightUITests.swift in Sources */ = {isa = PBXBuildFile; fileRef = EE5D27E025D70282008746A3 /* LightUITests.swift */; };
/* End PBXBuildFile section */

/* Begin PBXContainerItemProxy section */
		EE5D27D225D70282008746A3 /* PBXContainerItemProxy */ = {
			isa = PBXContainerItemProxy;
			containerPortal = EE5D27B325D7027F008746A3 /* Project object */;
			proxyType = 1;
			remoteGlobalIDString = EE5D27BA25D7027F008746A3;
			remoteInfo = Light;
		};
		EE5D27DD25D70282008746A3 /* PBXContainerItemProxy */ = {
			isa = PBXContainerItemProxy;
			containerPortal = EE5D27B325D7027F008746A3 /* Project object */;
			proxyType = 1;
			remoteGlobalIDString = EE5D27BA25D7027F008746A3;
			remoteInfo = Light;
		};
/* End PBXContainerItemProxy section */

/* Begin PBXFileReference section */
		EE5D27BB25D7027F008746A3 /* Light.app */ = {isa = PBXFileReference; explicitFileType = wrapper.application; includeInIndex = 0; path = Light.app; sourceTree = BUILT_PRODUCTS_DIR; };
		EE5D27BE25D7027F008746A3 /* AppDelegate.swift */ = {isa = PBXFileReference; lastKnownFileType = sourcecode.swift; path = AppDelegate.swift; sourceTree = "<group>"; };
		EE5D27C025D7027F008746A3 /* SceneDelegate.swift */ = {isa = PBXFileReference; lastKnownFileType = sourcecode.swift; path = SceneDelegate.swift; sourceTree = "<group>"; };
		EE5D27C225D7027F008746A3 /* ViewController.swift */ = {isa = PBXFileReference; lastKnownFileType = sourcecode.swift; path = ViewController.swift; sourceTree = "<group>"; };
		EE5D27C525D7027F008746A3 /* Base */ = {isa = PBXFileReference; lastKnownFileType = file.storyboard; name = Base; path = Base.lproj/Main.storyboard; sourceTree = "<group>"; };
		EE5D27C725D70282008746A3 /* Assets.xcassets */ = {isa = PBXFileReference; lastKnownFileType = folder.assetcatalog; path = Assets.xcassets; sourceTree = "<group>"; };
		EE5D27CA25D70282008746A3 /* Base */ = {isa = PBXFileReference; lastKnownFileType = file.storyboard; name = Base; path = Base.lproj/LaunchScreen.storyboard; sourceTree = "<group>"; };
		EE5D27CC25D70282008746A3 /* Info.plist */ = {isa = PBXFileReference; lastKnownFileType = text.plist.xml; path = Info.plist; sourceTree = "<group>"; };
		EE5D27D125D70282008746A3 /* LightTests.xctest */ = {isa = PBXFileReference; explicitFileType = wrapper.cfbundle; includeInIndex = 0; path = LightTests.xctest; sourceTree = BUILT_PRODUCTS_DIR; };
		EE5D27D525D70282008746A3 /* LightTests.swift */ = {isa = PBXFileReference; lastKnownFileType = sourcecode.swift; path = LightTests.swift; sourceTree = "<group>"; };
		EE5D27D725D70282008746A3 /* Info.plist */ = {isa = PBXFileReference; lastKnownFileType = text.plist.xml; path = Info.plist; sourceTree = "<group>"; };
		EE5D27DC25D70282008746A3 /* LightUITests.xctest */ = {isa = PBXFileReference; explicitFileType = wrapper.cfbundle; includeInIndex = 0; path = LightUITests.xctest; sourceTree = BUILT_PRODUCTS_DIR; };
		EE5D27E025D70282008746A3 /* LightUITests.swift */ = {isa = PBXFileReference; lastKnownFileType = sourcecode.swift; path = LightUITests.swift; sourceTree = "<group>"; };
		EE5D27E225D70282008746A3 /* Info.plist */ = {isa = PBXFileReference; lastKnownFileType = text.plist.xml; path = Info.plist; sourceTree = "<group>"; };
/* End PBXFileReference section */

/* Begin PBXFrameworksBuildPhase section */
		EE5D27B825D7027F008746A3 /* Frameworks */ = {
			isa = PBXFrameworksBuildPhase;
			buildActionMask = 2147483647;
			files = (
			);
			runOnlyForDeploymentPostprocessing = 0;
		};
		EE5D27CE25D70282008746A3 /* Frameworks */ = {
			isa = PBXFrameworksBuildPhase;
			buildActionMask = 2147483647;
			files = (
			);
			runOnlyForDeploymentPostprocessing = 0;
		};
		EE5D27D925D70282008746A3 /* Frameworks */ = {
			isa = PBXFrameworksBuildPhase;
			buildActionMask = 2147483647;
			files = (
			);
			runOnlyForDeploymentPostprocessing = 0;
		};
/* End PBXFrameworksBuildPhase section */

/* Begin PBXGroup section */
		EE5D27B225D7027F008746A3 = {
			isa = PBXGroup;
			children = (
				EE5D27BD25D7027F008746A3 /* Light */,
				EE5D27D425D70282008746A3 /* LightTests */,
				EE5D27DF25D70282008746A3 /* LightUITests */,
				EE5D27BC25D7027F008746A3 /* Products */,
			);
			sourceTree = "<group>";
		};
		EE5D27BC25D7027F008746A3 /* Products */ = {
			isa = PBXGroup;
			children = (
				EE5D27BB25D7027F008746A3 /* Light.app */,
				EE5D27D125D70282008746A3 /* LightTests.xctest */,
				EE5D27DC25D70282008746A3 /* LightUITests.xctest */,
			);
			name = Products;
			sourceTree = "<group>";
		};
		EE5D27BD25D7027F008746A3 /* Light */ = {
			isa = PBXGroup;
			children = (
				EE5D27BE25D7027F008746A3 /* AppDelegate.swift */,
				EE5D27C025D7027F008746A3 /* SceneDelegate.swift */,
				EE5D27C225D7027F008746A3 /* ViewController.swift */,
				EE5D27C425D7027F008746A3 /* Main.storyboard */,
				EE5D27C725D70282008746A3 /* Assets.xcassets */,
				EE5D27C925D70282008746A3 /* LaunchScreen.storyboard */,
				EE5D27CC25D70282008746A3 /* Info.plist */,
			);
			path = Light;
			sourceTree = "<group>";
		};
		EE5D27D425D70282008746A3 /* LightTests */ = {
			isa = PBXGroup;
			children = (
				EE5D27D525D70282008746A3 /* LightTests.swift */,
				EE5D27D725D70282008746A3 /* Info.plist */,
			);
			path = LightTests;
			sourceTree = "<group>";
		};
		EE5D27DF25D70282008746A3 /* LightUITests */ = {
			isa = PBXGroup;
			children = (
				EE5D27E025D70282008746A3 /* LightUITests.swift */,
				EE5D27E225D70282008746A3 /* Info.plist */,
			);
			path = LightUITests;
			sourceTree = "<group>";
		};
/* End PBXGroup section */

/* Begin PBXNativeTarget section */
		EE5D27BA25D7027F008746A3 /* Light */ = {
			isa = PBXNativeTarget;
			buildConfigurationList = EE5D27E525D70282008746A3 /* Build configuration list for PBXNativeTarget "Light" */;
			buildPhases = (
				EE5D27B725D7027F008746A3 /* Sources */,
				EE5D27B825D7027F008746A3 /* Frameworks */,
				EE5D27B925D7027F008746A3 /* Resources */,
			);
			buildRules = (
			);
			dependencies = (
			);
			name = Light;
			productName = Light;
			productReference = EE5D27BB25D7027F008746A3 /* Light.app */;
			productType = "com.apple.product-type.application";
		};
		EE5D27D025D70282008746A3 /* LightTests */ = {
			isa = PBXNativeTarget;
			buildConfigurationList = EE5D27E825D70282008746A3 /* Build configuration list for PBXNativeTarget "LightTests" */;
			buildPhases = (
				EE5D27CD25D70282008746A3 /* Sources */,
				EE5D27CE25D70282008746A3 /* Frameworks */,
				EE5D27CF25D70282008746A3 /* Resources */,
			);
			buildRules = (
			);
			dependencies = (
				EE5D27D325D70282008746A3 /* PBXTargetDependency */,
			);
			name = LightTests;
			productName = LightTests;
			productReference = EE5D27D125D70282008746A3 /* LightTests.xctest */;
			productType = "com.apple.product-type.bundle.unit-test";
		};
		EE5D27DB25D70282008746A3 /* LightUITests */ = {
			isa = PBXNativeTarget;
			buildConfigurationList = EE5D27EB25D70282008746A3 /* Build configuration list for PBXNativeTarget "LightUITests" */;
			buildPhases = (
				EE5D27D825D70282008746A3 /* Sources */,
				EE5D27D925D70282008746A3 /* Frameworks */,
				EE5D27DA25D70282008746A3 /* Resources */,
			);
			buildRules = (
			);
			dependencies = (
				EE5D27DE25D70282008746A3 /* PBXTargetDependency */,
			);
			name = LightUITests;
			productName = LightUITests;
			productReference = EE5D27DC25D70282008746A3 /* LightUITests.xctest */;
			productType = "com.apple.product-type.bundle.ui-testing";
		};
/* End PBXNativeTarget section */

/* Begin PBXProject section */
		EE5D27B325D7027F008746A3 /* Project object */ = {
			isa = PBXProject;
			attributes = {
				LastSwiftUpdateCheck = 1240;
				LastUpgradeCheck = 1240;
				TargetAttributes = {
					EE5D27BA25D7027F008746A3 = {
						CreatedOnToolsVersion = 12.4;
					};
					EE5D27D025D70282008746A3 = {
						CreatedOnToolsVersion = 12.4;
						TestTargetID = EE5D27BA25D7027F008746A3;
					};
					EE5D27DB25D70282008746A3 = {
						CreatedOnToolsVersion = 12.4;
						TestTargetID = EE5D27BA25D7027F008746A3;
					};
				};
			};
			buildConfigurationList = EE5D27B625D7027F008746A3 /* Build configuration list for PBXProject "Light" */;
			compatibilityVersion = "Xcode 9.3";
			developmentRegion = en;
			hasScannedForEncodings = 0;
			knownRegions = (
				en,
				Base,
			);
			mainGroup = EE5D27B225D7027F008746A3;
			productRefGroup = EE5D27BC25D7027F008746A3 /* Products */;
			projectDirPath = "";
			projectRoot = "";
			targets = (
				EE5D27BA25D7027F008746A3 /* Light */,
				EE5D27D025D70282008746A3 /* LightTests */,
				EE5D27DB25D70282008746A3 /* LightUITests */,
			);
		};
/* End PBXProject section */

/* Begin PBXResourcesBuildPhase section */
		EE5D27B925D7027F008746A3 /* Resources */ = {
			isa = PBXResourcesBuildPhase;
			buildActionMask = 2147483647;
			files = (
				EE5D27CB25D70282008746A3 /* LaunchScreen.storyboard in Resources */,
				EE5D27C825D70282008746A3 /* Assets.xcassets in Resources */,
				EE5D27C625D7027F008746A3 /* Main.storyboard in Resources */,
			);
			runOnlyForDeploymentPostprocessing = 0;
		};
		EE5D27CF25D70282008746A3 /* Resources */ = {
			isa = PBXResourcesBuildPhase;
			buildActionMask = 2147483647;
			files = (
			);
			runOnlyForDeploymentPostprocessing = 0;
		};
		EE5D27DA25D70282008746A3 /* Resources */ = {
			isa = PBXResourcesBuildPhase;
			buildActionMask = 2147483647;
			files = (
			);
			runOnlyForDeploymentPostprocessing = 0;
		};
/* End PBXResourcesBuildPhase section */

/* Begin PBXSourcesBuildPhase section */
		EE5D27B725D7027F008746A3 /* Sources */ = {
			isa = PBXSourcesBuildPhase;
			buildActionMask = 2147483647;
			files = (
				EE5D27C325D7027F008746A3 /* ViewController.swift in Sources */,
				EE5D27BF25D7027F008746A3 /* AppDelegate.swift in Sources */,
				EE5D27C125D7027F008746A3 /* SceneDelegate.swift in Sources */,
			);
			runOnlyForDeploymentPostprocessing = 0;
		};
		EE5D27CD25D70282008746A3 /* Sources */ = {
			isa = PBXSourcesBuildPhase;
			buildActionMask = 2147483647;
			files = (
				EE5D27D625D70282008746A3 /* LightTests.swift in Sources */,
			);
			runOnlyForDeploymentPostprocessing = 0;
		};
		EE5D27D825D70282008746A3 /* Sources */ = {
			isa = PBXSourcesBuildPhase;
			buildActionMask = 2147483647;
			files = (
				EE5D27E125D70282008746A3 /* LightUITests.swift in Sources */,
			);
			runOnlyForDeploymentPostprocessing = 0;
		};
/* End PBXSourcesBuildPhase section */

/* Begin PBXTargetDependency section */
		EE5D27D325D70282008746A3 /* PBXTargetDependency */ = {
			isa = PBXTargetDependency;
			target = EE5D27BA25D7027F008746A3 /* Light */;
			targetProxy = EE5D27D225D70282008746A3 /* PBXContainerItemProxy */;
		};
		EE5D27DE25D70282008746A3 /* PBXTargetDependency */ = {
			isa = PBXTargetDependency;
			target = EE5D27BA25D7027F008746A3 /* Light */;
			targetProxy = EE5D27DD25D70282008746A3 /* PBXContainerItemProxy */;
		};
/* End PBXTargetDependency section */

/* Begin PBXVariantGroup section */
		EE5D27C425D7027F008746A3 /* Main.storyboard */ = {
			isa = PBXVariantGroup;
			children = (
				EE5D27C525D7027F008746A3 /* Base */,
			);
			name = Main.storyboard;
			sourceTree = "<group>";
		};
		EE5D27C925D70282008746A3 /* LaunchScreen.storyboard */ = {
			isa = PBXVariantGroup;
			children = (
				EE5D27CA25D70282008746A3 /* Base */,
			);
			name = LaunchScreen.storyboard;
			sourceTree = "<group>";
		};
/* End PBXVariantGroup section */

/* Begin XCBuildConfiguration section */
		EE5D27E325D70282008746A3 /* Debug */ = {
			isa = XCBuildConfiguration;
			buildSettings = {
				ALWAYS_SEARCH_USER_PATHS = NO;
				CLANG_ANALYZER_NONNULL = YES;
				CLANG_ANALYZER_NUMBER_OBJECT_CONVERSION = YES_AGGRESSIVE;
				CLANG_CXX_LANGUAGE_STANDARD = "gnu++14";
				CLANG_CXX_LIBRARY = "libc++";
				CLANG_ENABLE_MODULES = YES;
				CLANG_ENABLE_OBJC_ARC = YES;
				CLANG_ENABLE_OBJC_WEAK = YES;
				CLANG_WARN_BLOCK_CAPTURE_AUTORELEASING = YES;
				CLANG_WARN_BOOL_CONVERSION = YES;
				CLANG_WARN_COMMA = YES;
				CLANG_WARN_CONSTANT_CONVERSION = YES;
				CLANG_WARN_DEPRECATED_OBJC_IMPLEMENTATIONS = YES;
				CLANG_WARN_DIRECT_OBJC_ISA_USAGE = YES_ERROR;
				CLANG_WARN_DOCUMENTATION_COMMENTS = YES;
				CLANG_WARN_EMPTY_BODY = YES;
				CLANG_WARN_ENUM_CONVERSION = YES;
				CLANG_WARN_INFINITE_RECURSION = YES;
				CLANG_WARN_INT_CONVERSION = YES;
				CLANG_WARN_NON_LITERAL_NULL_CONVERSION = YES;
				CLANG_WARN_OBJC_IMPLICIT_RETAIN_SELF = YES;
				CLANG_WARN_OBJC_LITERAL_CONVERSION = YES;
				CLANG_WARN_OBJC_ROOT_CLASS = YES_ERROR;
				CLANG_WARN_QUOTED_INCLUDE_IN_FRAMEWORK_HEADER = YES;
				CLANG_WARN_RANGE_LOOP_ANALYSIS = YES;
				CLANG_WARN_STRICT_PROTOTYPES = YES;
				CLANG_WARN_SUSPICIOUS_MOVE = YES;
				CLANG_WARN_UNGUARDED_AVAILABILITY = YES_AGGRESSIVE;
				CLANG_WARN_UNREACHABLE_CODE = YES;
				CLANG_WARN__DUPLICATE_METHOD_MATCH = YES;
				COPY_PHASE_STRIP = NO;
				DEBUG_INFORMATION_FORMAT = dwarf;
				ENABLE_STRICT_OBJC_MSGSEND = YES;
				ENABLE_TESTABILITY = YES;
				GCC_C_LANGUAGE_STANDARD = gnu11;
				GCC_DYNAMIC_NO_PIC = NO;
				GCC_NO_COMMON_BLOCKS = YES;
				GCC_OPTIMIZATION_LEVEL = 0;
				GCC_PREPROCESSOR_DEFINITIONS = (
					"DEBUG=1",
					"$(inherited)",
				);
				GCC_WARN_64_TO_32_BIT_CONVERSION = YES;
				GCC_WARN_ABOUT_RETURN_TYPE = YES_ERROR;
				GCC_WARN_UNDECLARED_SELECTOR = YES;
				GCC_WARN_UNINITIALIZED_AUTOS = YES_AGGRESSIVE;
				GCC_WARN_UNUSED_FUNCTION = YES;
				GCC_WARN_UNUSED_VARIABLE = YES;
				IPHONEOS_DEPLOYMENT_TARGET = 14.4;
				MTL_ENABLE_DEBUG_INFO = INCLUDE_SOURCE;
				MTL_FAST_MATH = YES;
				ONLY_ACTIVE_ARCH = YES;
				SDKROOT = iphoneos;
				SWIFT_ACTIVE_COMPILATION_CONDITIONS = DEBUG;
				SWIFT_OPTIMIZATION_LEVEL = "-Onone";
			};
			name = Debug;
		};
		EE5D27E425D70282008746A3 /* Release */ = {
			isa = XCBuildConfiguration;
			buildSettings = {
				ALWAYS_SEARCH_USER_PATHS = NO;
				CLANG_ANALYZER_NONNULL = YES;
				CLANG_ANALYZER_NUMBER_OBJECT_CONVERSION = YES_AGGRESSIVE;
				CLANG_CXX_LANGUAGE_STANDARD = "gnu++14";
				CLANG_CXX_LIBRARY = "libc++";
				CLANG_ENABLE_MODULES = YES;
				CLANG_ENABLE_OBJC_ARC = YES;
				CLANG_ENABLE_OBJC_WEAK = YES;
				CLANG_WARN_BLOCK_CAPTURE_AUTORELEASING = YES;
				CLANG_WARN_BOOL_CONVERSION = YES;
				CLANG_WARN_COMMA = YES;
				CLANG_WARN_CONSTANT_CONVERSION = YES;
				CLANG_WARN_DEPRECATED_OBJC_IMPLEMENTATIONS = YES;
				CLANG_WARN_DIRECT_OBJC_ISA_USAGE = YES_ERROR;
				CLANG_WARN_DOCUMENTATION_COMMENTS = YES;
				CLANG_WARN_EMPTY_BODY = YES;
				CLANG_WARN_ENUM_CONVERSION = YES;
				CLANG_WARN_INFINITE_RECURSION = YES;
				CLANG_WARN_INT_CONVERSION = YES;
				CLANG_WARN_NON_LITERAL_NULL_CONVERSION = YES;
				CLANG_WARN_OBJC_IMPLICIT_RETAIN_SELF = YES;
				CLANG_WARN_OBJC_LITERAL_CONVERSION = YES;
				CLANG_WARN_OBJC_ROOT_CLASS = YES_ERROR;
				CLANG_WARN_QUOTED_INCLUDE_IN_FRAMEWORK_HEADER = YES;
				CLANG_WARN_RANGE_LOOP_ANALYSIS = YES;
				CLANG_WARN_STRICT_PROTOTYPES = YES;
				CLANG_WARN_SUSPICIOUS_MOVE = YES;
				CLANG_WARN_UNGUARDED_AVAILABILITY = YES_AGGRESSIVE;
				CLANG_WARN_UNREACHABLE_CODE = YES;
				CLANG_WARN__DUPLICATE_METHOD_MATCH = YES;
				COPY_PHASE_STRIP = NO;
				DEBUG_INFORMATION_FORMAT = "dwarf-with-dsym";
				ENABLE_NS_ASSERTIONS = NO;
				ENABLE_STRICT_OBJC_MSGSEND = YES;
				GCC_C_LANGUAGE_STANDARD = gnu11;
				GCC_NO_COMMON_BLOCKS = YES;
				GCC_WARN_64_TO_32_BIT_CONVERSION = YES;
				GCC_WARN_ABOUT_RETURN_TYPE = YES_ERROR;
				GCC_WARN_UNDECLARED_SELECTOR = YES;
				GCC_WARN_UNINITIALIZED_AUTOS = YES_AGGRESSIVE;
				GCC_WARN_UNUSED_FUNCTION = YES;
				GCC_WARN_UNUSED_VARIABLE = YES;
				IPHONEOS_DEPLOYMENT_TARGET = 14.4;
				MTL_ENABLE_DEBUG_INFO = NO;
				MTL_FAST_MATH = YES;
				SDKROOT = iphoneos;
				SWIFT_COMPILATION_MODE = wholemodule;
				SWIFT_OPTIMIZATION_LEVEL = "-O";
				VALIDATE_PRODUCT = YES;
			};
			name = Release;
		};
		EE5D27E625D70282008746A3 /* Debug */ = {
			isa = XCBuildConfiguration;
			buildSettings = {
				ASSETCATALOG_COMPILER_APPICON_NAME = AppIcon;
				ASSETCATALOG_COMPILER_GLOBAL_ACCENT_COLOR_NAME = AccentColor;
				CODE_SIGN_STYLE = Automatic;
				DEVELOPMENT_TEAM = 5P9QURR8FS;
				INFOPLIST_FILE = Light/Info.plist;
				LD_RUNPATH_SEARCH_PATHS = (
					"$(inherited)",
					"@executable_path/Frameworks",
				);
				PRODUCT_BUNDLE_IDENTIFIER = ItsMojo.Light;
				PRODUCT_NAME = "$(TARGET_NAME)";
				SWIFT_VERSION = 5.0;
				TARGETED_DEVICE_FAMILY = "1,2";
			};
			name = Debug;
		};
		EE5D27E725D70282008746A3 /* Release */ = {
			isa = XCBuildConfiguration;
			buildSettings = {
				ASSETCATALOG_COMPILER_APPICON_NAME = AppIcon;
				ASSETCATALOG_COMPILER_GLOBAL_ACCENT_COLOR_NAME = AccentColor;
				CODE_SIGN_STYLE = Automatic;
				DEVELOPMENT_TEAM = 5P9QURR8FS;
				INFOPLIST_FILE = Light/Info.plist;
				LD_RUNPATH_SEARCH_PATHS = (
					"$(inherited)",
					"@executable_path/Frameworks",
				);
				PRODUCT_BUNDLE_IDENTIFIER = ItsMojo.Light;
				PRODUCT_NAME = "$(TARGET_NAME)";
				SWIFT_VERSION = 5.0;
				TARGETED_DEVICE_FAMILY = "1,2";
			};
			name = Release;
		};
		EE5D27E925D70282008746A3 /* Debug */ = {
			isa = XCBuildConfiguration;
			buildSettings = {
				ALWAYS_EMBED_SWIFT_STANDARD_LIBRARIES = YES;
				BUNDLE_LOADER = "$(TEST_HOST)";
				CODE_SIGN_STYLE = Automatic;
				DEVELOPMENT_TEAM = 5P9QURR8FS;
				INFOPLIST_FILE = LightTests/Info.plist;
				IPHONEOS_DEPLOYMENT_TARGET = 14.4;
				LD_RUNPATH_SEARCH_PATHS = (
					"$(inherited)",
					"@executable_path/Frameworks",
					"@loader_path/Frameworks",
				);
				PRODUCT_BUNDLE_IDENTIFIER = ItsMojo.LightTests;
				PRODUCT_NAME = "$(TARGET_NAME)";
				SWIFT_VERSION = 5.0;
				TARGETED_DEVICE_FAMILY = "1,2";
				TEST_HOST = "$(BUILT_PRODUCTS_DIR)/Light.app/Light";
			};
			name = Debug;
		};
		EE5D27EA25D70282008746A3 /* Release */ = {
			isa = XCBuildConfiguration;
			buildSettings = {
				ALWAYS_EMBED_SWIFT_STANDARD_LIBRARIES = YES;
				BUNDLE_LOADER = "$(TEST_HOST)";
				CODE_SIGN_STYLE = Automatic;
				DEVELOPMENT_TEAM = 5P9QURR8FS;
				INFOPLIST_FILE = LightTests/Info.plist;
				IPHONEOS_DEPLOYMENT_TARGET = 14.4;
				LD_RUNPATH_SEARCH_PATHS = (
					"$(inherited)",
					"@executable_path/Frameworks",
					"@loader_path/Frameworks",
				);
				PRODUCT_BUNDLE_IDENTIFIER = ItsMojo.LightTests;
				PRODUCT_NAME = "$(TARGET_NAME)";
				SWIFT_VERSION = 5.0;
				TARGETED_DEVICE_FAMILY = "1,2";
				TEST_HOST = "$(BUILT_PRODUCTS_DIR)/Light.app/Light";
			};
			name = Release;
		};
		EE5D27EC25D70282008746A3 /* Debug */ = {
			isa = XCBuildConfiguration;
			buildSettings = {
				ALWAYS_EMBED_SWIFT_STANDARD_LIBRARIES = YES;
				CODE_SIGN_STYLE = Automatic;
				DEVELOPMENT_TEAM = 5P9QURR8FS;
				INFOPLIST_FILE = LightUITests/Info.plist;
				LD_RUNPATH_SEARCH_PATHS = (
					"$(inherited)",
					"@executable_path/Frameworks",
					"@loader_path/Frameworks",
				);
				PRODUCT_BUNDLE_IDENTIFIER = ItsMojo.LightUITests;
				PRODUCT_NAME = "$(TARGET_NAME)";
				SWIFT_VERSION = 5.0;
				TARGETED_DEVICE_FAMILY = "1,2";
				TEST_TARGET_NAME = Light;
			};
			name = Debug;
		};
		EE5D27ED25D70282008746A3 /* Release */ = {
			isa = XCBuildConfiguration;
			buildSettings = {
				ALWAYS_EMBED_SWIFT_STANDARD_LIBRARIES = YES;
				CODE_SIGN_STYLE = Automatic;
				DEVELOPMENT_TEAM = 5P9QURR8FS;
				INFOPLIST_FILE = LightUITests/Info.plist;
				LD_RUNPATH_SEARCH_PATHS = (
					"$(inherited)",
					"@executable_path/Frameworks",
					"@loader_path/Frameworks",
				);
				PRODUCT_BUNDLE_IDENTIFIER = ItsMojo.LightUITests;
				PRODUCT_NAME = "$(TARGET_NAME)";
				SWIFT_VERSION = 5.0;
				TARGETED_DEVICE_FAMILY = "1,2";
				TEST_TARGET_NAME = Light;
			};
			name = Release;
		};
/* End XCBuildConfiguration section */

/* Begin XCConfigurationList section */
		EE5D27B625D7027F008746A3 /* Build configuration list for PBXProject "Light" */ = {
			isa = XCConfigurationList;
			buildConfigurations = (
				EE5D27E325D70282008746A3 /* Debug */,
				EE5D27E425D70282008746A3 /* Release */,
			);
			defaultConfigurationIsVisible = 0;
			defaultConfigurationName = Release;
		};
		EE5D27E525D70282008746A3 /* Build configuration list for PBXNativeTarget "Light" */ = {
			isa = XCConfigurationList;
			buildConfigurations = (
				EE5D27E625D70282008746A3 /* Debug */,
				EE5D27E725D70282008746A3 /* Release */,
			);
			defaultConfigurationIsVisible = 0;
			defaultConfigurationName = Release;
		};
		EE5D27E825D70282008746A3 /* Build configuration list for PBXNativeTarget "LightTests" */ = {
			isa = XCConfigurationList;
			buildConfigurations = (
				EE5D27E925D70282008746A3 /* Debug */,
				EE5D27EA25D70282008746A3 /* Release */,
			);
			defaultConfigurationIsVisible = 0;
			defaultConfigurationName = Release;
		};
		EE5D27EB25D70282008746A3 /* Build configuration list for PBXNativeTarget "LightUITests" */ = {
			isa = XCConfigurationList;
			buildConfigurations = (
				EE5D27EC25D70282008746A3 /* Debug */,
				EE5D27ED25D70282008746A3 /* Release */,
			);
			defaultConfigurationIsVisible = 0;
			defaultConfigurationName = Release;
		};
/* End XCConfigurationList section */
	};
	rootObject = EE5D27B325D7027F008746A3 /* Project object */;
}
